{
    "_readme": [
        "This file locks the dependencies of your project to a known state",
        "Read more about it at https://getcomposer.org/doc/01-basic-usage.md#composer-lock-the-lock-file",
        "This file is @generated automatically"
    ],
    "hash": "c10467f1f10ff63fd8ed1cf5d150ec25",
    "content-hash": "2197f6f33bafd8b970aba3ceacf4c1e3",
    "packages": [
        {
            "name": "zf1/zend-db",
            "version": "1.12.11",
            "source": {
                "type": "git",
                "url": "https://github.com/zf1/zend-db.git",
                "reference": "67a2a05a0dce937a88af4d5d1267261db700c159"
            },
            "dist": {
                "type": "zip",
                "url": "https://api.github.com/repos/zf1/zend-db/zipball/67a2a05a0dce937a88af4d5d1267261db700c159",
                "reference": "67a2a05a0dce937a88af4d5d1267261db700c159",
                "shasum": ""
            },
            "require": {
                "php": ">=5.2.11",
                "zf1/zend-exception": "self.version",
                "zf1/zend-loader": "self.version"
            },
            "suggest": {
                "zf1/zend-registry": "Used in special situations or with special adapters",
                "zf1/zend-wildfire": "Used in special situations or with special adapters"
            },
            "type": "library",
            "autoload": {
                "psr-0": {
                    "Zend_Db": "library/"
                }
            },
            "notification-url": "https://packagist.org/downloads/",
            "license": [
                "BSD-3-Clause"
            ],
            "description": "Zend Framework 1 Db package",
            "homepage": "http://framework.zend.com/",
            "keywords": [
                "ZF1",
                "db",
                "framework",
                "zend"
            ],
            "time": "2015-04-30 11:09:54"
        },
        {
            "name": "zf1/zend-exception",
            "version": "1.12.11",
            "source": {
                "type": "git",
                "url": "https://github.com/zf1/zend-exception.git",
                "reference": "ca30959d3e2f522f481a3d1459386acf1aa4ca74"
            },
            "dist": {
                "type": "zip",
                "url": "https://api.github.com/repos/zf1/zend-exception/zipball/ca30959d3e2f522f481a3d1459386acf1aa4ca74",
                "reference": "ca30959d3e2f522f481a3d1459386acf1aa4ca74",
                "shasum": ""
            },
            "require": {
                "php": ">=5.2.11"
            },
            "type": "library",
            "autoload": {
                "psr-0": {
                    "Zend_Exception": "library/"
                }
            },
            "notification-url": "https://packagist.org/downloads/",
            "license": [
                "BSD-3-Clause"
            ],
            "description": "Zend Framework 1 Exception package",
            "homepage": "http://framework.zend.com/",
            "keywords": [
                "ZF1",
                "exception",
                "framework",
                "zend"
            ],
            "time": "2015-04-30 11:10:20"
        },
        {
            "name": "zf1/zend-loader",
            "version": "1.12.11",
            "source": {
                "type": "git",
                "url": "https://github.com/zf1/zend-loader.git",
                "reference": "42c49c862bf095bdd64e9f1728cb04051c2c2abe"
            },
            "dist": {
                "type": "zip",
                "url": "https://api.github.com/repos/zf1/zend-loader/zipball/42c49c862bf095bdd64e9f1728cb04051c2c2abe",
                "reference": "42c49c862bf095bdd64e9f1728cb04051c2c2abe",
                "shasum": ""
            },
            "require": {
                "php": ">=5.2.11",
                "zf1/zend-exception": "self.version"
            },
            "type": "library",
            "autoload": {
                "psr-0": {
                    "Zend_Loader": "library/"
                }
            },
            "notification-url": "https://packagist.org/downloads/",
            "license": [
                "BSD-3-Clause"
            ],
            "description": "Zend Framework 1 Loader package",
            "homepage": "http://framework.zend.com/",
            "keywords": [
                "ZF1",
                "framework",
                "loader",
                "zend"
            ],
            "time": "2015-04-30 11:07:31"
        }
    ],
    "packages-dev": [],
    "aliases": [],
    "minimum-stability": "stable",
    "stability-flags": [],
    "prefer-stable": false,
    "prefer-lowest": false,
    "platform": [],
    "platform-dev": []
}
